
Microsoft Visual Studio Solution File, Format Version 12.00
# Visual Studio Version 17
VisualStudioVersion = 17.10.35201.131
MinimumVisualStudioVersion = 10.0.40219.1
Project("{FAE04EC0-301F-11D3-BF4B-00C04F79EFBC}") = "CodeFirstRelation", "CodeFirstRelation\CodeFirstRelation.csproj", "{9B69F25C-FE6C-4537-ABBC-24C58FA5DDBB}"
EndProject
Global
	GlobalSection(SolutionConfigurationPlatforms) = preSolution
		Debug|Any CPU = Debug|Any CPU
		Release|Any CPU = Release|Any CPU
	EndGlobalSection
	GlobalSection(ProjectConfigurationPlatforms) = postSolution
		{9B69F25C-FE6C-4537-ABBC-24C58FA5DDBB}.Debug|Any CPU.ActiveCfg = Debug|Any CPU
		{9B69F25C-FE6C-4537-ABBC-24C58FA5DDBB}.Debug|Any CPU.Build.0 = Debug|Any CPU
		{9B69F25C-FE6C-4537-ABBC-24C58FA5DDBB}.Release|Any CPU.ActiveCfg = Release|Any CPU
		{9B69F25C-FE6C-4537-ABBC-24C58FA5DDBB}.Release|Any CPU.Build.0 = Release|Any CPU
	EndGlobalSection
	GlobalSection(SolutionProperties) = preSolution
		HideSolutionNode = FALSE
	EndGlobalSection
	GlobalSection(ExtensibilityGlobals) = postSolution
		SolutionGuid = {E5670BC5-8FE2-4211-8643-F96BCD47730A}
	EndGlobalSection
EndGlobal
